
Microsoft Visual Studio Solution File, Format Version 12.00
# Visual Studio 14
VisualStudioVersion = 14.0.25123.0
MinimumVisualStudioVersion = 10.0.40219.1
Project("{FAE04EC0-301F-11D3-BF4B-00C04F79EFBC}") = "Cidean.GF.Droid", "Cidean.GF\Cidean.GF.Droid\Cidean.GF.Droid.csproj", "{885BF3A0-9EE4-4F21-9A4D-72B77892E23B}"
EndProject
Project("{FAE04EC0-301F-11D3-BF4B-00C04F79EFBC}") = "Cidean.GF.iOS", "Cidean.GF\Cidean.GF.iOS\Cidean.GF.iOS.csproj", "{3C98D431-5B80-4098-B144-877CEBB53A90}"
EndProject
Project("{FAE04EC0-301F-11D3-BF4B-00C04F79EFBC}") = "Cidean.GF.WinPhone", "Cidean.GF\Cidean.GF.WinPhone\Cidean.GF.WinPhone.csproj", "{431B0459-7FC5-4020-B197-1EF89B008624}"
EndProject
Project("{FAE04EC0-301F-11D3-BF4B-00C04F79EFBC}") = "Cidean.GF.UWP", "Cidean.GF\Cidean.GF.UWP\Cidean.GF.UWP.csproj", "{69968582-CBD0-4B39-B70B-EB885298270E}"
EndProject
Project("{FAE04EC0-301F-11D3-BF4B-00C04F79EFBC}") = "Cidean.GF.Windows", "Cidean.GF\Cidean.GF.Windows\Cidean.GF.Windows.csproj", "{11C5C590-E3C6-408D-AEAB-95D76AA0F31E}"
EndProject
Project("{FAE04EC0-301F-11D3-BF4B-00C04F79EFBC}") = "Cidean.GF", "Cidean.GF\Cidean.GF\Cidean.GF.csproj", "{F1C2034C-C3D8-4048-B7B2-3F359FB065B8}"
EndProject
Project("{FAE04EC0-301F-11D3-BF4B-00C04F79EFBC}") = "Cidean.GF.Api", "Cidean.GF\Cidean.GF.Api\Cidean.GF.Api.csproj", "{5BFCD28D-D2EB-4E5B-9A76-9BD8D0434FCF}"
EndProject
Project("{FAE04EC0-301F-11D3-BF4B-00C04F79EFBC}") = "Cidean.GF.Web", "Cidean.GF\Cidean.GF.Web\Cidean.GF.Web.csproj", "{BEB7180B-8E03-4D8F-AC24-C32FB1C83063}"
EndProject
Global
	GlobalSection(SolutionConfigurationPlatforms) = preSolution
		Ad-Hoc|Any CPU = Ad-Hoc|Any CPU
		Ad-Hoc|ARM = Ad-Hoc|ARM
		Ad-Hoc|iPhone = Ad-Hoc|iPhone
		Ad-Hoc|iPhoneSimulator = Ad-Hoc|iPhoneSimulator
		Ad-Hoc|x64 = Ad-Hoc|x64
		Ad-Hoc|x86 = Ad-Hoc|x86
		AppStore|Any CPU = AppStore|Any CPU
		AppStore|ARM = AppStore|ARM
		AppStore|iPhone = AppStore|iPhone
		AppStore|iPhoneSimulator = AppStore|iPhoneSimulator
		AppStore|x64 = AppStore|x64
		AppStore|x86 = AppStore|x86
		Debug|Any CPU = Debug|Any CPU
		Debug|ARM = Debug|ARM
		Debug|iPhone = Debug|iPhone
		Debug|iPhoneSimulator = Debug|iPhoneSimulator
		Debug|x64 = Debug|x64
		Debug|x86 = Debug|x86
		Release|Any CPU = Release|Any CPU
		Release|ARM = Release|ARM
		Release|iPhone = Release|iPhone
		Release|iPhoneSimulator = Release|iPhoneSimulator
		Release|x64 = Release|x64
		Release|x86 = Release|x86
	EndGlobalSection
	GlobalSection(ProjectConfigurationPlatforms) = postSolution
		{885BF3A0-9EE4-4F21-9A4D-72B77892E23B}.Ad-Hoc|Any CPU.ActiveCfg = Release|Any CPU
		{885BF3A0-9EE4-4F21-9A4D-72B77892E23B}.Ad-Hoc|Any CPU.Build.0 = Release|Any CPU
		{885BF3A0-9EE4-4F21-9A4D-72B77892E23B}.Ad-Hoc|Any CPU.Deploy.0 = Release|Any CPU
		{885BF3A0-9EE4-4F21-9A4D-72B77892E23B}.Ad-Hoc|ARM.ActiveCfg = Release|Any CPU
		{885BF3A0-9EE4-4F21-9A4D-72B77892E23B}.Ad-Hoc|ARM.Build.0 = Release|Any CPU
		{885BF3A0-9EE4-4F21-9A4D-72B77892E23B}.Ad-Hoc|ARM.Deploy.0 = Release|Any CPU
		{885BF3A0-9EE4-4F21-9A4D-72B77892E23B}.Ad-Hoc|iPhone.ActiveCfg = Release|Any CPU
		{885BF3A0-9EE4-4F21-9A4D-72B77892E23B}.Ad-Hoc|iPhone.Build.0 = Release|Any CPU
		{885BF3A0-9EE4-4F21-9A4D-72B77892E23B}.Ad-Hoc|iPhone.Deploy.0 = Release|Any CPU
		{885BF3A0-9EE4-4F21-9A4D-72B77892E23B}.Ad-Hoc|iPhoneSimulator.ActiveCfg = Release|Any CPU
		{885BF3A0-9EE4-4F21-9A4D-72B77892E23B}.Ad-Hoc|iPhoneSimulator.Build.0 = Release|Any CPU
		{885BF3A0-9EE4-4F21-9A4D-72B77892E23B}.Ad-Hoc|iPhoneSimulator.Deploy.0 = Release|Any CPU
		{885BF3A0-9EE4-4F21-9A4D-72B77892E23B}.Ad-Hoc|x64.ActiveCfg = Release|Any CPU
		{885BF3A0-9EE4-4F21-9A4D-72B77892E23B}.Ad-Hoc|x64.Build.0 = Release|Any CPU
		{885BF3A0-9EE4-4F21-9A4D-72B77892E23B}.Ad-Hoc|x64.Deploy.0 = Release|Any CPU
		{885BF3A0-9EE4-4F21-9A4D-72B77892E23B}.Ad-Hoc|x86.ActiveCfg = Release|Any CPU
		{885BF3A0-9EE4-4F21-9A4D-72B77892E23B}.Ad-Hoc|x86.Build.0 = Release|Any CPU
		{885BF3A0-9EE4-4F21-9A4D-72B77892E23B}.Ad-Hoc|x86.Deploy.0 = Release|Any CPU
		{885BF3A0-9EE4-4F21-9A4D-72B77892E23B}.AppStore|Any CPU.ActiveCfg = Release|Any CPU
		{885BF3A0-9EE4-4F21-9A4D-72B77892E23B}.AppStore|Any CPU.Build.0 = Release|Any CPU
		{885BF3A0-9EE4-4F21-9A4D-72B77892E23B}.AppStore|Any CPU.Deploy.0 = Release|Any CPU
		{885BF3A0-9EE4-4F21-9A4D-72B77892E23B}.AppStore|ARM.ActiveCfg = Release|Any CPU
		{885BF3A0-9EE4-4F21-9A4D-72B77892E23B}.AppStore|ARM.Build.0 = Release|Any CPU
		{885BF3A0-9EE4-4F21-9A4D-72B77892E23B}.AppStore|ARM.Deploy.0 = Release|Any CPU
		{885BF3A0-9EE4-4F21-9A4D-72B77892E23B}.AppStore|iPhone.ActiveCfg = Release|Any CPU
		{885BF3A0-9EE4-4F21-9A4D-72B77892E23B}.AppStore|iPhone.Build.0 = Release|Any CPU
		{885BF3A0-9EE4-4F21-9A4D-72B77892E23B}.AppStore|iPhone.Deploy.0 = Release|Any CPU
		{885BF3A0-9EE4-4F21-9A4D-72B77892E23B}.AppStore|iPhoneSimulator.ActiveCfg = Release|Any CPU
		{885BF3A0-9EE4-4F21-9A4D-72B77892E23B}.AppStore|iPhoneSimulator.Build.0 = Release|Any CPU
		{885BF3A0-9EE4-4F21-9A4D-72B77892E23B}.AppStore|iPhoneSimulator.Deploy.0 = Release|Any CPU
		{885BF3A0-9EE4-4F21-9A4D-72B77892E23B}.AppStore|x64.ActiveCfg = Release|Any CPU
		{885BF3A0-9EE4-4F21-9A4D-72B77892E23B}.AppStore|x64.Build.0 = Release|Any CPU
		{885BF3A0-9EE4-4F21-9A4D-72B77892E23B}.AppStore|x64.Deploy.0 = Release|Any CPU
		{885BF3A0-9EE4-4F21-9A4D-72B77892E23B}.AppStore|x86.ActiveCfg = Release|Any CPU
		{885BF3A0-9EE4-4F21-9A4D-72B77892E23B}.AppStore|x86.Build.0 = Release|Any CPU
		{885BF3A0-9EE4-4F21-9A4D-72B77892E23B}.AppStore|x86.Deploy.0 = Release|Any CPU
		{885BF3A0-9EE4-4F21-9A4D-72B77892E23B}.Debug|Any CPU.ActiveCfg = Debug|Any CPU
		{885BF3A0-9EE4-4F21-9A4D-72B77892E23B}.Debug|Any CPU.Build.0 = Debug|Any CPU
		{885BF3A0-9EE4-4F21-9A4D-72B77892E23B}.Debug|Any CPU.Deploy.0 = Debug|Any CPU
		{885BF3A0-9EE4-4F21-9A4D-72B77892E23B}.Debug|ARM.ActiveCfg = Debug|Any CPU
		{885BF3A0-9EE4-4F21-9A4D-72B77892E23B}.Debug|ARM.Build.0 = Debug|Any CPU
		{885BF3A0-9EE4-4F21-9A4D-72B77892E23B}.Debug|ARM.Deploy.0 = Debug|Any CPU
		{885BF3A0-9EE4-4F21-9A4D-72B77892E23B}.Debug|iPhone.ActiveCfg = Debug|Any CPU
		{885BF3A0-9EE4-4F21-9A4D-72B77892E23B}.Debug|iPhone.Build.0 = Debug|Any CPU
		{885BF3A0-9EE4-4F21-9A4D-72B77892E23B}.Debug|iPhone.Deploy.0 = Debug|Any CPU
		{885BF3A0-9EE4-4F21-9A4D-72B77892E23B}.Debug|iPhoneSimulator.ActiveCfg = Debug|Any CPU
		{885BF3A0-9EE4-4F21-9A4D-72B77892E23B}.Debug|iPhoneSimulator.Build.0 = Debug|Any CPU
		{885BF3A0-9EE4-4F21-9A4D-72B77892E23B}.Debug|iPhoneSimulator.Deploy.0 = Debug|Any CPU
		{885BF3A0-9EE4-4F21-9A4D-72B77892E23B}.Debug|x64.ActiveCfg = Debug|Any CPU
		{885BF3A0-9EE4-4F21-9A4D-72B77892E23B}.Debug|x64.Build.0 = Debug|Any CPU
		{885BF3A0-9EE4-4F21-9A4D-72B77892E23B}.Debug|x64.Deploy.0 = Debug|Any CPU
		{885BF3A0-9EE4-4F21-9A4D-72B77892E23B}.Debug|x86.ActiveCfg = Debug|Any CPU
		{885BF3A0-9EE4-4F21-9A4D-72B77892E23B}.Debug|x86.Build.0 = Debug|Any CPU
		{885BF3A0-9EE4-4F21-9A4D-72B77892E23B}.Debug|x86.Deploy.0 = Debug|Any CPU
		{885BF3A0-9EE4-4F21-9A4D-72B77892E23B}.Release|Any CPU.ActiveCfg = Release|Any CPU
		{885BF3A0-9EE4-4F21-9A4D-72B77892E23B}.Release|Any CPU.Build.0 = Release|Any CPU
		{885BF3A0-9EE4-4F21-9A4D-72B77892E23B}.Release|Any CPU.Deploy.0 = Release|Any CPU
		{885BF3A0-9EE4-4F21-9A4D-72B77892E23B}.Release|ARM.ActiveCfg = Release|Any CPU
		{885BF3A0-9EE4-4F21-9A4D-72B77892E23B}.Release|ARM.Build.0 = Release|Any CPU
		{885BF3A0-9EE4-4F21-9A4D-72B77892E23B}.Release|ARM.Deploy.0 = Release|Any CPU
		{885BF3A0-9EE4-4F21-9A4D-72B77892E23B}.Release|iPhone.ActiveCfg = Release|Any CPU
		{885BF3A0-9EE4-4F21-9A4D-72B77892E23B}.Release|iPhone.Build.0 = Release|Any CPU
		{885BF3A0-9EE4-4F21-9A4D-72B77892E23B}.Release|iPhone.Deploy.0 = Release|Any CPU
		{885BF3A0-9EE4-4F21-9A4D-72B77892E23B}.Release|iPhoneSimulator.ActiveCfg = Release|Any CPU
		{885BF3A0-9EE4-4F21-9A4D-72B77892E23B}.Release|iPhoneSimulator.Build.0 = Release|Any CPU
		{885BF3A0-9EE4-4F21-9A4D-72B77892E23B}.Release|iPhoneSimulator.Deploy.0 = Release|Any CPU
		{885BF3A0-9EE4-4F21-9A4D-72B77892E23B}.Release|x64.ActiveCfg = Release|Any CPU
		{885BF3A0-9EE4-4F21-9A4D-72B77892E23B}.Release|x64.Build.0 = Release|Any CPU
		{885BF3A0-9EE4-4F21-9A4D-72B77892E23B}.Release|x64.Deploy.0 = Release|Any CPU
		{885BF3A0-9EE4-4F21-9A4D-72B77892E23B}.Release|x86.ActiveCfg = Release|Any CPU
		{885BF3A0-9EE4-4F21-9A4D-72B77892E23B}.Release|x86.Build.0 = Release|Any CPU
		{885BF3A0-9EE4-4F21-9A4D-72B77892E23B}.Release|x86.Deploy.0 = Release|Any CPU
		{3C98D431-5B80-4098-B144-877CEBB53A90}.Ad-Hoc|Any CPU.ActiveCfg = Ad-Hoc|iPhone
		{3C98D431-5B80-4098-B144-877CEBB53A90}.Ad-Hoc|ARM.ActiveCfg = Ad-Hoc|iPhone
		{3C98D431-5B80-4098-B144-877CEBB53A90}.Ad-Hoc|iPhone.ActiveCfg = Ad-Hoc|iPhone
		{3C98D431-5B80-4098-B144-877CEBB53A90}.Ad-Hoc|iPhone.Build.0 = Ad-Hoc|iPhone
		{3C98D431-5B80-4098-B144-877CEBB53A90}.Ad-Hoc|iPhoneSimulator.ActiveCfg = Ad-Hoc|iPhoneSimulator
		{3C98D431-5B80-4098-B144-877CEBB53A90}.Ad-Hoc|iPhoneSimulator.Build.0 = Ad-Hoc|iPhoneSimulator
		{3C98D431-5B80-4098-B144-877CEBB53A90}.Ad-Hoc|x64.ActiveCfg = Ad-Hoc|iPhone
		{3C98D431-5B80-4098-B144-877CEBB53A90}.Ad-Hoc|x86.ActiveCfg = Ad-Hoc|iPhone
		{3C98D431-5B80-4098-B144-877CEBB53A90}.AppStore|Any CPU.ActiveCfg = AppStore|iPhone
		{3C98D431-5B80-4098-B144-877CEBB53A90}.AppStore|ARM.ActiveCfg = AppStore|iPhone
		{3C98D431-5B80-4098-B144-877CEBB53A90}.AppStore|iPhone.ActiveCfg = AppStore|iPhone
		{3C98D431-5B80-4098-B144-877CEBB53A90}.AppStore|iPhone.Build.0 = AppStore|iPhone
		{3C98D431-5B80-4098-B144-877CEBB53A90}.AppStore|iPhoneSimulator.ActiveCfg = AppStore|iPhoneSimulator
		{3C98D431-5B80-4098-B144-877CEBB53A90}.AppStore|iPhoneSimulator.Build.0 = AppStore|iPhoneSimulator
		{3C98D431-5B80-4098-B144-877CEBB53A90}.AppStore|x64.ActiveCfg = AppStore|iPhone
		{3C98D431-5B80-4098-B144-877CEBB53A90}.AppStore|x86.ActiveCfg = AppStore|iPhone
		{3C98D431-5B80-4098-B144-877CEBB53A90}.Debug|Any CPU.ActiveCfg = Debug|iPhone
		{3C98D431-5B80-4098-B144-877CEBB53A90}.Debug|ARM.ActiveCfg = Debug|iPhone
		{3C98D431-5B80-4098-B144-877CEBB53A90}.Debug|iPhone.ActiveCfg = Debug|iPhone
		{3C98D431-5B80-4098-B144-877CEBB53A90}.Debug|iPhone.Build.0 = Debug|iPhone
		{3C98D431-5B80-4098-B144-877CEBB53A90}.Debug|iPhoneSimulator.ActiveCfg = Debug|iPhoneSimulator
		{3C98D431-5B80-4098-B144-877CEBB53A90}.Debug|iPhoneSimulator.Build.0 = Debug|iPhoneSimulator
		{3C98D431-5B80-4098-B144-877CEBB53A90}.Debug|x64.ActiveCfg = Debug|iPhone
		{3C98D431-5B80-4098-B144-877CEBB53A90}.Debug|x86.ActiveCfg = Debug|iPhone
		{3C98D431-5B80-4098-B144-877CEBB53A90}.Release|Any CPU.ActiveCfg = Release|iPhone
		{3C98D431-5B80-4098-B144-877CEBB53A90}.Release|ARM.ActiveCfg = Release|iPhone
		{3C98D431-5B80-4098-B144-877CEBB53A90}.Release|iPhone.ActiveCfg = Release|iPhone
		{3C98D431-5B80-4098-B144-877CEBB53A90}.Release|iPhone.Build.0 = Release|iPhone
		{3C98D431-5B80-4098-B144-877CEBB53A90}.Release|iPhoneSimulator.ActiveCfg = Release|iPhoneSimulator
		{3C98D431-5B80-4098-B144-877CEBB53A90}.Release|iPhoneSimulator.Build.0 = Release|iPhoneSimulator
		{3C98D431-5B80-4098-B144-877CEBB53A90}.Release|x64.ActiveCfg = Release|iPhone
		{3C98D431-5B80-4098-B144-877CEBB53A90}.Release|x86.ActiveCfg = Release|iPhone
		{431B0459-7FC5-4020-B197-1EF89B008624}.Ad-Hoc|Any CPU.ActiveCfg = Release|Any CPU
		{431B0459-7FC5-4020-B197-1EF89B008624}.Ad-Hoc|Any CPU.Build.0 = Release|Any CPU
		{431B0459-7FC5-4020-B197-1EF89B008624}.Ad-Hoc|Any CPU.Deploy.0 = Release|Any CPU
		{431B0459-7FC5-4020-B197-1EF89B008624}.Ad-Hoc|ARM.ActiveCfg = Release|ARM
		{431B0459-7FC5-4020-B197-1EF89B008624}.Ad-Hoc|ARM.Build.0 = Release|ARM
		{431B0459-7FC5-4020-B197-1EF89B008624}.Ad-Hoc|ARM.Deploy.0 = Release|ARM
		{431B0459-7FC5-4020-B197-1EF89B008624}.Ad-Hoc|iPhone.ActiveCfg = Release|Any CPU
		{431B0459-7FC5-4020-B197-1EF89B008624}.Ad-Hoc|iPhone.Build.0 = Release|Any CPU
		{431B0459-7FC5-4020-B197-1EF89B008624}.Ad-Hoc|iPhone.Deploy.0 = Release|Any CPU
		{431B0459-7FC5-4020-B197-1EF89B008624}.Ad-Hoc|iPhoneSimulator.ActiveCfg = Release|Any CPU
		{431B0459-7FC5-4020-B197-1EF89B008624}.Ad-Hoc|iPhoneSimulator.Build.0 = Release|Any CPU
		{431B0459-7FC5-4020-B197-1EF89B008624}.Ad-Hoc|iPhoneSimulator.Deploy.0 = Release|Any CPU
		{431B0459-7FC5-4020-B197-1EF89B008624}.Ad-Hoc|x64.ActiveCfg = Release|Any CPU
		{431B0459-7FC5-4020-B197-1EF89B008624}.Ad-Hoc|x64.Build.0 = Release|Any CPU
		{431B0459-7FC5-4020-B197-1EF89B008624}.Ad-Hoc|x64.Deploy.0 = Release|Any CPU
		{431B0459-7FC5-4020-B197-1EF89B008624}.Ad-Hoc|x86.ActiveCfg = Release|x86
		{431B0459-7FC5-4020-B197-1EF89B008624}.Ad-Hoc|x86.Build.0 = Release|x86
		{431B0459-7FC5-4020-B197-1EF89B008624}.Ad-Hoc|x86.Deploy.0 = Release|x86
		{431B0459-7FC5-4020-B197-1EF89B008624}.AppStore|Any CPU.ActiveCfg = Release|Any CPU
		{431B0459-7FC5-4020-B197-1EF89B008624}.AppStore|Any CPU.Build.0 = Release|Any CPU
		{431B0459-7FC5-4020-B197-1EF89B008624}.AppStore|Any CPU.Deploy.0 = Release|Any CPU
		{431B0459-7FC5-4020-B197-1EF89B008624}.AppStore|ARM.ActiveCfg = Release|ARM
		{431B0459-7FC5-4020-B197-1EF89B008624}.AppStore|ARM.Build.0 = Release|ARM
		{431B0459-7FC5-4020-B197-1EF89B008624}.AppStore|ARM.Deploy.0 = Release|ARM
		{431B0459-7FC5-4020-B197-1EF89B008624}.AppStore|iPhone.ActiveCfg = Release|Any CPU
		{431B0459-7FC5-4020-B197-1EF89B008624}.AppStore|iPhone.Build.0 = Release|Any CPU
		{431B0459-7FC5-4020-B197-1EF89B008624}.AppStore|iPhone.Deploy.0 = Release|Any CPU
		{431B0459-7FC5-4020-B197-1EF89B008624}.AppStore|iPhoneSimulator.ActiveCfg = Release|Any CPU
		{431B0459-7FC5-4020-B197-1EF89B008624}.AppStore|iPhoneSimulator.Build.0 = Release|Any CPU
		{431B0459-7FC5-4020-B197-1EF89B008624}.AppStore|iPhoneSimulator.Deploy.0 = Release|Any CPU
		{431B0459-7FC5-4020-B197-1EF89B008624}.AppStore|x64.ActiveCfg = Release|Any CPU
		{431B0459-7FC5-4020-B197-1EF89B008624}.AppStore|x64.Build.0 = Release|Any CPU
		{431B0459-7FC5-4020-B197-1EF89B008624}.AppStore|x64.Deploy.0 = Release|Any CPU
		{431B0459-7FC5-4020-B197-1EF89B008624}.AppStore|x86.ActiveCfg = Release|x86
		{431B0459-7FC5-4020-B197-1EF89B008624}.AppStore|x86.Build.0 = Release|x86
		{431B0459-7FC5-4020-B197-1EF89B008624}.AppStore|x86.Deploy.0 = Release|x86
		{431B0459-7FC5-4020-B197-1EF89B008624}.Debug|Any CPU.ActiveCfg = Debug|Any CPU
		{431B0459-7FC5-4020-B197-1EF89B008624}.Debug|Any CPU.Build.0 = Debug|Any CPU
		{431B0459-7FC5-4020-B197-1EF89B008624}.Debug|Any CPU.Deploy.0 = Debug|Any CPU
		{431B0459-7FC5-4020-B197-1EF89B008624}.Debug|ARM.ActiveCfg = Debug|ARM
		{431B0459-7FC5-4020-B197-1EF89B008624}.Debug|ARM.Build.0 = Debug|ARM
		{431B0459-7FC5-4020-B197-1EF89B008624}.Debug|ARM.Deploy.0 = Debug|ARM
		{431B0459-7FC5-4020-B197-1EF89B008624}.Debug|iPhone.ActiveCfg = Debug|Any CPU
		{431B0459-7FC5-4020-B197-1EF89B008624}.Debug|iPhone.Build.0 = Debug|Any CPU
		{431B0459-7FC5-4020-B197-1EF89B008624}.Debug|iPhone.Deploy.0 = Debug|Any CPU
		{431B0459-7FC5-4020-B197-1EF89B008624}.Debug|iPhoneSimulator.ActiveCfg = Debug|Any CPU
		{431B0459-7FC5-4020-B197-1EF89B008624}.Debug|iPhoneSimulator.Build.0 = Debug|Any CPU
		{431B0459-7FC5-4020-B197-1EF89B008624}.Debug|iPhoneSimulator.Deploy.0 = Debug|Any CPU
		{431B0459-7FC5-4020-B197-1EF89B008624}.Debug|x64.ActiveCfg = Debug|Any CPU
		{431B0459-7FC5-4020-B197-1EF89B008624}.Debug|x64.Build.0 = Debug|Any CPU
		{431B0459-7FC5-4020-B197-1EF89B008624}.Debug|x64.Deploy.0 = Debug|Any CPU
		{431B0459-7FC5-4020-B197-1EF89B008624}.Debug|x86.ActiveCfg = Debug|x86
		{431B0459-7FC5-4020-B197-1EF89B008624}.Debug|x86.Build.0 = Debug|x86
		{431B0459-7FC5-4020-B197-1EF89B008624}.Debug|x86.Deploy.0 = Debug|x86
		{431B0459-7FC5-4020-B197-1EF89B008624}.Release|Any CPU.ActiveCfg = Release|Any CPU
		{431B0459-7FC5-4020-B197-1EF89B008624}.Release|Any CPU.Build.0 = Release|Any CPU
		{431B0459-7FC5-4020-B197-1EF89B008624}.Release|Any CPU.Deploy.0 = Release|Any CPU
		{431B0459-7FC5-4020-B197-1EF89B008624}.Release|ARM.ActiveCfg = Release|ARM
		{431B0459-7FC5-4020-B197-1EF89B008624}.Release|ARM.Build.0 = Release|ARM
		{431B0459-7FC5-4020-B197-1EF89B008624}.Release|ARM.Deploy.0 = Release|ARM
		{431B0459-7FC5-4020-B197-1EF89B008624}.Release|iPhone.ActiveCfg = Release|Any CPU
		{431B0459-7FC5-4020-B197-1EF89B008624}.Release|iPhone.Build.0 = Release|Any CPU
		{431B0459-7FC5-4020-B197-1EF89B008624}.Release|iPhone.Deploy.0 = Release|Any CPU
		{431B0459-7FC5-4020-B197-1EF89B008624}.Release|iPhoneSimulator.ActiveCfg = Release|Any CPU
		{431B0459-7FC5-4020-B197-1EF89B008624}.Release|iPhoneSimulator.Build.0 = Release|Any CPU
		{431B0459-7FC5-4020-B197-1EF89B008624}.Release|iPhoneSimulator.Deploy.0 = Release|Any CPU
		{431B0459-7FC5-4020-B197-1EF89B008624}.Release|x64.ActiveCfg = Release|Any CPU
		{431B0459-7FC5-4020-B197-1EF89B008624}.Release|x64.Build.0 = Release|Any CPU
		{431B0459-7FC5-4020-B197-1EF89B008624}.Release|x64.Deploy.0 = Release|Any CPU
		{431B0459-7FC5-4020-B197-1EF89B008624}.Release|x86.ActiveCfg = Release|x86
		{431B0459-7FC5-4020-B197-1EF89B008624}.Release|x86.Build.0 = Release|x86
		{431B0459-7FC5-4020-B197-1EF89B008624}.Release|x86.Deploy.0 = Release|x86
		{69968582-CBD0-4B39-B70B-EB885298270E}.Ad-Hoc|Any CPU.ActiveCfg = Release|x86
		{69968582-CBD0-4B39-B70B-EB885298270E}.Ad-Hoc|Any CPU.Build.0 = Release|x86
		{69968582-CBD0-4B39-B70B-EB885298270E}.Ad-Hoc|Any CPU.Deploy.0 = Release|x86
		{69968582-CBD0-4B39-B70B-EB885298270E}.Ad-Hoc|ARM.ActiveCfg = Release|ARM
		{69968582-CBD0-4B39-B70B-EB885298270E}.Ad-Hoc|ARM.Build.0 = Release|ARM
		{69968582-CBD0-4B39-B70B-EB885298270E}.Ad-Hoc|ARM.Deploy.0 = Release|ARM
		{69968582-CBD0-4B39-B70B-EB885298270E}.Ad-Hoc|iPhone.ActiveCfg = Release|x86
		{69968582-CBD0-4B39-B70B-EB885298270E}.Ad-Hoc|iPhone.Build.0 = Release|x86
		{69968582-CBD0-4B39-B70B-EB885298270E}.Ad-Hoc|iPhone.Deploy.0 = Release|x86
		{69968582-CBD0-4B39-B70B-EB885298270E}.Ad-Hoc|iPhoneSimulator.ActiveCfg = Release|x86
		{69968582-CBD0-4B39-B70B-EB885298270E}.Ad-Hoc|iPhoneSimulator.Build.0 = Release|x86
		{69968582-CBD0-4B39-B70B-EB885298270E}.Ad-Hoc|iPhoneSimulator.Deploy.0 = Release|x86
		{69968582-CBD0-4B39-B70B-EB885298270E}.Ad-Hoc|x64.ActiveCfg = Release|x64
		{69968582-CBD0-4B39-B70B-EB885298270E}.Ad-Hoc|x64.Build.0 = Release|x64
		{69968582-CBD0-4B39-B70B-EB885298270E}.Ad-Hoc|x64.Deploy.0 = Release|x64
		{69968582-CBD0-4B39-B70B-EB885298270E}.Ad-Hoc|x86.ActiveCfg = Release|x86
		{69968582-CBD0-4B39-B70B-EB885298270E}.Ad-Hoc|x86.Build.0 = Release|x86
		{69968582-CBD0-4B39-B70B-EB885298270E}.Ad-Hoc|x86.Deploy.0 = Release|x86
		{69968582-CBD0-4B39-B70B-EB885298270E}.AppStore|Any CPU.ActiveCfg = Release|x86
		{69968582-CBD0-4B39-B70B-EB885298270E}.AppStore|Any CPU.Build.0 = Release|x86
		{69968582-CBD0-4B39-B70B-EB885298270E}.AppStore|Any CPU.Deploy.0 = Release|x86
		{69968582-CBD0-4B39-B70B-EB885298270E}.AppStore|ARM.ActiveCfg = Release|ARM
		{69968582-CBD0-4B39-B70B-EB885298270E}.AppStore|ARM.Build.0 = Release|ARM
		{69968582-CBD0-4B39-B70B-EB885298270E}.AppStore|ARM.Deploy.0 = Release|ARM
		{69968582-CBD0-4B39-B70B-EB885298270E}.AppStore|iPhone.ActiveCfg = Release|x86
		{69968582-CBD0-4B39-B70B-EB885298270E}.AppStore|iPhone.Build.0 = Release|x86
		{69968582-CBD0-4B39-B70B-EB885298270E}.AppStore|iPhone.Deploy.0 = Release|x86
		{69968582-CBD0-4B39-B70B-EB885298270E}.AppStore|iPhoneSimulator.ActiveCfg = Release|x86
		{69968582-CBD0-4B39-B70B-EB885298270E}.AppStore|iPhoneSimulator.Build.0 = Release|x86
		{69968582-CBD0-4B39-B70B-EB885298270E}.AppStore|iPhoneSimulator.Deploy.0 = Release|x86
		{69968582-CBD0-4B39-B70B-EB885298270E}.AppStore|x64.ActiveCfg = Release|x64
		{69968582-CBD0-4B39-B70B-EB885298270E}.AppStore|x64.Build.0 = Release|x64
		{69968582-CBD0-4B39-B70B-EB885298270E}.AppStore|x64.Deploy.0 = Release|x64
		{69968582-CBD0-4B39-B70B-EB885298270E}.AppStore|x86.ActiveCfg = Release|x86
		{69968582-CBD0-4B39-B70B-EB885298270E}.AppStore|x86.Build.0 = Release|x86
		{69968582-CBD0-4B39-B70B-EB885298270E}.AppStore|x86.Deploy.0 = Release|x86
		{69968582-CBD0-4B39-B70B-EB885298270E}.Debug|Any CPU.ActiveCfg = Debug|x86
		{69968582-CBD0-4B39-B70B-EB885298270E}.Debug|ARM.ActiveCfg = Debug|ARM
		{69968582-CBD0-4B39-B70B-EB885298270E}.Debug|ARM.Build.0 = Debug|ARM
		{69968582-CBD0-4B39-B70B-EB885298270E}.Debug|ARM.Deploy.0 = Debug|ARM
		{69968582-CBD0-4B39-B70B-EB885298270E}.Debug|iPhone.ActiveCfg = Debug|x86
		{69968582-CBD0-4B39-B70B-EB885298270E}.Debug|iPhoneSimulator.ActiveCfg = Debug|x86
		{69968582-CBD0-4B39-B70B-EB885298270E}.Debug|x64.ActiveCfg = Debug|x64
		{69968582-CBD0-4B39-B70B-EB885298270E}.Debug|x64.Build.0 = Debug|x64
		{69968582-CBD0-4B39-B70B-EB885298270E}.Debug|x64.Deploy.0 = Debug|x64
		{69968582-CBD0-4B39-B70B-EB885298270E}.Debug|x86.ActiveCfg = Debug|x86
		{69968582-CBD0-4B39-B70B-EB885298270E}.Debug|x86.Build.0 = Debug|x86
		{69968582-CBD0-4B39-B70B-EB885298270E}.Debug|x86.Deploy.0 = Debug|x86
		{69968582-CBD0-4B39-B70B-EB885298270E}.Release|Any CPU.ActiveCfg = Release|x86
		{69968582-CBD0-4B39-B70B-EB885298270E}.Release|ARM.ActiveCfg = Release|ARM
		{69968582-CBD0-4B39-B70B-EB885298270E}.Release|ARM.Build.0 = Release|ARM
		{69968582-CBD0-4B39-B70B-EB885298270E}.Release|ARM.Deploy.0 = Release|ARM
		{69968582-CBD0-4B39-B70B-EB885298270E}.Release|iPhone.ActiveCfg = Release|x86
		{69968582-CBD0-4B39-B70B-EB885298270E}.Release|iPhoneSimulator.ActiveCfg = Release|x86
		{69968582-CBD0-4B39-B70B-EB885298270E}.Release|x64.ActiveCfg = Release|x64
		{69968582-CBD0-4B39-B70B-EB885298270E}.Release|x64.Build.0 = Release|x64
		{69968582-CBD0-4B39-B70B-EB885298270E}.Release|x64.Deploy.0 = Release|x64
		{69968582-CBD0-4B39-B70B-EB885298270E}.Release|x86.ActiveCfg = Release|x86
		{69968582-CBD0-4B39-B70B-EB885298270E}.Release|x86.Build.0 = Release|x86
		{69968582-CBD0-4B39-B70B-EB885298270E}.Release|x86.Deploy.0 = Release|x86
		{11C5C590-E3C6-408D-AEAB-95D76AA0F31E}.Ad-Hoc|Any CPU.ActiveCfg = Release|Any CPU
		{11C5C590-E3C6-408D-AEAB-95D76AA0F31E}.Ad-Hoc|Any CPU.Build.0 = Release|Any CPU
		{11C5C590-E3C6-408D-AEAB-95D76AA0F31E}.Ad-Hoc|Any CPU.Deploy.0 = Release|Any CPU
		{11C5C590-E3C6-408D-AEAB-95D76AA0F31E}.Ad-Hoc|ARM.ActiveCfg = Release|ARM
		{11C5C590-E3C6-408D-AEAB-95D76AA0F31E}.Ad-Hoc|ARM.Build.0 = Release|ARM
		{11C5C590-E3C6-408D-AEAB-95D76AA0F31E}.Ad-Hoc|ARM.Deploy.0 = Release|ARM
		{11C5C590-E3C6-408D-AEAB-95D76AA0F31E}.Ad-Hoc|iPhone.ActiveCfg = Release|Any CPU
		{11C5C590-E3C6-408D-AEAB-95D76AA0F31E}.Ad-Hoc|iPhone.Build.0 = Release|Any CPU
		{11C5C590-E3C6-408D-AEAB-95D76AA0F31E}.Ad-Hoc|iPhone.Deploy.0 = Release|Any CPU
		{11C5C590-E3C6-408D-AEAB-95D76AA0F31E}.Ad-Hoc|iPhoneSimulator.ActiveCfg = Release|Any CPU
		{11C5C590-E3C6-408D-AEAB-95D76AA0F31E}.Ad-Hoc|iPhoneSimulator.Build.0 = Release|Any CPU
		{11C5C590-E3C6-408D-AEAB-95D76AA0F31E}.Ad-Hoc|iPhoneSimulator.Deploy.0 = Release|Any CPU
		{11C5C590-E3C6-408D-AEAB-95D76AA0F31E}.Ad-Hoc|x64.ActiveCfg = Release|x64
		{11C5C590-E3C6-408D-AEAB-95D76AA0F31E}.Ad-Hoc|x64.Build.0 = Release|x64
		{11C5C590-E3C6-408D-AEAB-95D76AA0F31E}.Ad-Hoc|x64.Deploy.0 = Release|x64
		{11C5C590-E3C6-408D-AEAB-95D76AA0F31E}.Ad-Hoc|x86.ActiveCfg = Release|x86
		{11C5C590-E3C6-408D-AEAB-95D76AA0F31E}.Ad-Hoc|x86.Build.0 = Release|x86
		{11C5C590-E3C6-408D-AEAB-95D76AA0F31E}.Ad-Hoc|x86.Deploy.0 = Release|x86
		{11C5C590-E3C6-408D-AEAB-95D76AA0F31E}.AppStore|Any CPU.ActiveCfg = Release|Any CPU
		{11C5C590-E3C6-408D-AEAB-95D76AA0F31E}.AppStore|Any CPU.Build.0 = Release|Any CPU
		{11C5C590-E3C6-408D-AEAB-95D76AA0F31E}.AppStore|Any CPU.Deploy.0 = Release|Any CPU
		{11C5C590-E3C6-408D-AEAB-95D76AA0F31E}.AppStore|ARM.ActiveCfg = Release|ARM
		{11C5C590-E3C6-408D-AEAB-95D76AA0F31E}.AppStore|ARM.Build.0 = Release|ARM
		{11C5C590-E3C6-408D-AEAB-95D76AA0F31E}.AppStore|ARM.Deploy.0 = Release|ARM
		{11C5C590-E3C6-408D-AEAB-95D76AA0F31E}.AppStore|iPhone.ActiveCfg = Release|Any CPU
		{11C5C590-E3C6-408D-AEAB-95D76AA0F31E}.AppStore|iPhone.Build.0 = Release|Any CPU
		{11C5C590-E3C6-408D-AEAB-95D76AA0F31E}.AppStore|iPhone.Deploy.0 = Release|Any CPU
		{11C5C590-E3C6-408D-AEAB-95D76AA0F31E}.AppStore|iPhoneSimulator.ActiveCfg = Release|Any CPU
		{11C5C590-E3C6-408D-AEAB-95D76AA0F31E}.AppStore|iPhoneSimulator.Build.0 = Release|Any CPU
		{11C5C590-E3C6-408D-AEAB-95D76AA0F31E}.AppStore|iPhoneSimulator.Deploy.0 = Release|Any CPU
		{11C5C590-E3C6-408D-AEAB-95D76AA0F31E}.AppStore|x64.ActiveCfg = Release|x64
		{11C5C590-E3C6-408D-AEAB-95D76AA0F31E}.AppStore|x64.Build.0 = Release|x64
		{11C5C590-E3C6-408D-AEAB-95D76AA0F31E}.AppStore|x64.Deploy.0 = Release|x64
		{11C5C590-E3C6-408D-AEAB-95D76AA0F31E}.AppStore|x86.ActiveCfg = Release|x86
		{11C5C590-E3C6-408D-AEAB-95D76AA0F31E}.AppStore|x86.Build.0 = Release|x86
		{11C5C590-E3C6-408D-AEAB-95D76AA0F31E}.AppStore|x86.Deploy.0 = Release|x86
		{11C5C590-E3C6-408D-AEAB-95D76AA0F31E}.Debug|Any CPU.ActiveCfg = Debug|Any CPU
		{11C5C590-E3C6-408D-AEAB-95D76AA0F31E}.Debug|Any CPU.Build.0 = Debug|Any CPU
		{11C5C590-E3C6-408D-AEAB-95D76AA0F31E}.Debug|Any CPU.Deploy.0 = Debug|Any CPU
		{11C5C590-E3C6-408D-AEAB-95D76AA0F31E}.Debug|ARM.ActiveCfg = Debug|ARM
		{11C5C590-E3C6-408D-AEAB-95D76AA0F31E}.Debug|ARM.Build.0 = Debug|ARM
		{11C5C590-E3C6-408D-AEAB-95D76AA0F31E}.Debug|ARM.Deploy.0 = Debug|ARM
		{11C5C590-E3C6-408D-AEAB-95D76AA0F31E}.Debug|iPhone.ActiveCfg = Debug|Any CPU
		{11C5C590-E3C6-408D-AEAB-95D76AA0F31E}.Debug|iPhone.Build.0 = Debug|Any CPU
		{11C5C590-E3C6-408D-AEAB-95D76AA0F31E}.Debug|iPhone.Deploy.0 = Debug|Any CPU
		{11C5C590-E3C6-408D-AEAB-95D76AA0F31E}.Debug|iPhoneSimulator.ActiveCfg = Debug|Any CPU
		{11C5C590-E3C6-408D-AEAB-95D76AA0F31E}.Debug|iPhoneSimulator.Build.0 = Debug|Any CPU
		{11C5C590-E3C6-408D-AEAB-95D76AA0F31E}.Debug|iPhoneSimulator.Deploy.0 = Debug|Any CPU
		{11C5C590-E3C6-408D-AEAB-95D76AA0F31E}.Debug|x64.ActiveCfg = Debug|x64
		{11C5C590-E3C6-408D-AEAB-95D76AA0F31E}.Debug|x64.Build.0 = Debug|x64
		{11C5C590-E3C6-408D-AEAB-95D76AA0F31E}.Debug|x64.Deploy.0 = Debug|x64
		{11C5C590-E3C6-408D-AEAB-95D76AA0F31E}.Debug|x86.ActiveCfg = Debug|x86
		{11C5C590-E3C6-408D-AEAB-95D76AA0F31E}.Debug|x86.Build.0 = Debug|x86
		{11C5C590-E3C6-408D-AEAB-95D76AA0F31E}.Debug|x86.Deploy.0 = Debug|x86
		{11C5C590-E3C6-408D-AEAB-95D76AA0F31E}.Release|Any CPU.ActiveCfg = Release|Any CPU
		{11C5C590-E3C6-408D-AEAB-95D76AA0F31E}.Release|Any CPU.Build.0 = Release|Any CPU
		{11C5C590-E3C6-408D-AEAB-95D76AA0F31E}.Release|Any CPU.Deploy.0 = Release|Any CPU
		{11C5C590-E3C6-408D-AEAB-95D76AA0F31E}.Release|ARM.ActiveCfg = Release|ARM
		{11C5C590-E3C6-408D-AEAB-95D76AA0F31E}.Release|ARM.Build.0 = Release|ARM
		{11C5C590-E3C6-408D-AEAB-95D76AA0F31E}.Release|ARM.Deploy.0 = Release|ARM
		{11C5C590-E3C6-408D-AEAB-95D76AA0F31E}.Release|iPhone.ActiveCfg = Release|Any CPU
		{11C5C590-E3C6-408D-AEAB-95D76AA0F31E}.Release|iPhone.Build.0 = Release|Any CPU
		{11C5C590-E3C6-408D-AEAB-95D76AA0F31E}.Release|iPhone.Deploy.0 = Release|Any CPU
		{11C5C590-E3C6-408D-AEAB-95D76AA0F31E}.Release|iPhoneSimulator.ActiveCfg = Release|Any CPU
		{11C5C590-E3C6-408D-AEAB-95D76AA0F31E}.Release|iPhoneSimulator.Build.0 = Release|Any CPU
		{11C5C590-E3C6-408D-AEAB-95D76AA0F31E}.Release|iPhoneSimulator.Deploy.0 = Release|Any CPU
		{11C5C590-E3C6-408D-AEAB-95D76AA0F31E}.Release|x64.ActiveCfg = Release|x64
		{11C5C590-E3C6-408D-AEAB-95D76AA0F31E}.Release|x64.Build.0 = Release|x64
		{11C5C590-E3C6-408D-AEAB-95D76AA0F31E}.Release|x64.Deploy.0 = Release|x64
		{11C5C590-E3C6-408D-AEAB-95D76AA0F31E}.Release|x86.ActiveCfg = Release|x86
		{11C5C590-E3C6-408D-AEAB-95D76AA0F31E}.Release|x86.Build.0 = Release|x86
		{11C5C590-E3C6-408D-AEAB-95D76AA0F31E}.Release|x86.Deploy.0 = Release|x86
		{F1C2034C-C3D8-4048-B7B2-3F359FB065B8}.Ad-Hoc|Any CPU.ActiveCfg = Release|Any CPU
		{F1C2034C-C3D8-4048-B7B2-3F359FB065B8}.Ad-Hoc|Any CPU.Build.0 = Release|Any CPU
		{F1C2034C-C3D8-4048-B7B2-3F359FB065B8}.Ad-Hoc|ARM.ActiveCfg = Release|Any CPU
		{F1C2034C-C3D8-4048-B7B2-3F359FB065B8}.Ad-Hoc|ARM.Build.0 = Release|Any CPU
		{F1C2034C-C3D8-4048-B7B2-3F359FB065B8}.Ad-Hoc|iPhone.ActiveCfg = Release|Any CPU
		{F1C2034C-C3D8-4048-B7B2-3F359FB065B8}.Ad-Hoc|iPhone.Build.0 = Release|Any CPU
		{F1C2034C-C3D8-4048-B7B2-3F359FB065B8}.Ad-Hoc|iPhoneSimulator.ActiveCfg = Release|Any CPU
		{F1C2034C-C3D8-4048-B7B2-3F359FB065B8}.Ad-Hoc|iPhoneSimulator.Build.0 = Release|Any CPU
		{F1C2034C-C3D8-4048-B7B2-3F359FB065B8}.Ad-Hoc|x64.ActiveCfg = Release|Any CPU
		{F1C2034C-C3D8-4048-B7B2-3F359FB065B8}.Ad-Hoc|x64.Build.0 = Release|Any CPU
		{F1C2034C-C3D8-4048-B7B2-3F359FB065B8}.Ad-Hoc|x86.ActiveCfg = Release|Any CPU
		{F1C2034C-C3D8-4048-B7B2-3F359FB065B8}.Ad-Hoc|x86.Build.0 = Release|Any CPU
		{F1C2034C-C3D8-4048-B7B2-3F359FB065B8}.AppStore|Any CPU.ActiveCfg = Release|Any CPU
		{F1C2034C-C3D8-4048-B7B2-3F359FB065B8}.AppStore|Any CPU.Build.0 = Release|Any CPU
		{F1C2034C-C3D8-4048-B7B2-3F359FB065B8}.AppStore|ARM.ActiveCfg = Release|Any CPU
		{F1C2034C-C3D8-4048-B7B2-3F359FB065B8}.AppStore|ARM.Build.0 = Release|Any CPU
		{F1C2034C-C3D8-4048-B7B2-3F359FB065B8}.AppStore|iPhone.ActiveCfg = Release|Any CPU
		{F1C2034C-C3D8-4048-B7B2-3F359FB065B8}.AppStore|iPhone.Build.0 = Release|Any CPU
		{F1C2034C-C3D8-4048-B7B2-3F359FB065B8}.AppStore|iPhoneSimulator.ActiveCfg = Release|Any CPU
		{F1C2034C-C3D8-4048-B7B2-3F359FB065B8}.AppStore|iPhoneSimulator.Build.0 = Release|Any CPU
		{F1C2034C-C3D8-4048-B7B2-3F359FB065B8}.AppStore|x64.ActiveCfg = Release|Any CPU
		{F1C2034C-C3D8-4048-B7B2-3F359FB065B8}.AppStore|x64.Build.0 = Release|Any CPU
		{F1C2034C-C3D8-4048-B7B2-3F359FB065B8}.AppStore|x86.ActiveCfg = Release|Any CPU
		{F1C2034C-C3D8-4048-B7B2-3F359FB065B8}.AppStore|x86.Build.0 = Release|Any CPU
		{F1C2034C-C3D8-4048-B7B2-3F359FB065B8}.Debug|Any CPU.ActiveCfg = Debug|Any CPU
		{F1C2034C-C3D8-4048-B7B2-3F359FB065B8}.Debug|Any CPU.Build.0 = Debug|Any CPU
		{F1C2034C-C3D8-4048-B7B2-3F359FB065B8}.Debug|ARM.ActiveCfg = Debug|Any CPU
		{F1C2034C-C3D8-4048-B7B2-3F359FB065B8}.Debug|ARM.Build.0 = Debug|Any CPU
		{F1C2034C-C3D8-4048-B7B2-3F359FB065B8}.Debug|iPhone.ActiveCfg = Debug|Any CPU
		{F1C2034C-C3D8-4048-B7B2-3F359FB065B8}.Debug|iPhone.Build.0 = Debug|Any CPU
		{F1C2034C-C3D8-4048-B7B2-3F359FB065B8}.Debug|iPhoneSimulator.ActiveCfg = Debug|Any CPU
		{F1C2034C-C3D8-4048-B7B2-3F359FB065B8}.Debug|iPhoneSimulator.Build.0 = Debug|Any CPU
		{F1C2034C-C3D8-4048-B7B2-3F359FB065B8}.Debug|x64.ActiveCfg = Debug|Any CPU
		{F1C2034C-C3D8-4048-B7B2-3F359FB065B8}.Debug|x64.Build.0 = Debug|Any CPU
		{F1C2034C-C3D8-4048-B7B2-3F359FB065B8}.Debug|x86.ActiveCfg = Debug|Any CPU
		{F1C2034C-C3D8-4048-B7B2-3F359FB065B8}.Debug|x86.Build.0 = Debug|Any CPU
		{F1C2034C-C3D8-4048-B7B2-3F359FB065B8}.Release|Any CPU.ActiveCfg = Release|Any CPU
		{F1C2034C-C3D8-4048-B7B2-3F359FB065B8}.Release|Any CPU.Build.0 = Release|Any CPU
		{F1C2034C-C3D8-4048-B7B2-3F359FB065B8}.Release|ARM.ActiveCfg = Release|Any CPU
		{F1C2034C-C3D8-4048-B7B2-3F359FB065B8}.Release|ARM.Build.0 = Release|Any CPU
		{F1C2034C-C3D8-4048-B7B2-3F359FB065B8}.Release|iPhone.ActiveCfg = Release|Any CPU
		{F1C2034C-C3D8-4048-B7B2-3F359FB065B8}.Release|iPhone.Build.0 = Release|Any CPU
		{F1C2034C-C3D8-4048-B7B2-3F359FB065B8}.Release|iPhoneSimulator.ActiveCfg = Release|Any CPU
		{F1C2034C-C3D8-4048-B7B2-3F359FB065B8}.Release|iPhoneSimulator.Build.0 = Release|Any CPU
		{F1C2034C-C3D8-4048-B7B2-3F359FB065B8}.Release|x64.ActiveCfg = Release|Any CPU
		{F1C2034C-C3D8-4048-B7B2-3F359FB065B8}.Release|x64.Build.0 = Release|Any CPU
		{F1C2034C-C3D8-4048-B7B2-3F359FB065B8}.Release|x86.ActiveCfg = Release|Any CPU
		{F1C2034C-C3D8-4048-B7B2-3F359FB065B8}.Release|x86.Build.0 = Release|Any CPU
		{5BFCD28D-D2EB-4E5B-9A76-9BD8D0434FCF}.Ad-Hoc|Any CPU.ActiveCfg = Release|Any CPU
		{5BFCD28D-D2EB-4E5B-9A76-9BD8D0434FCF}.Ad-Hoc|Any CPU.Build.0 = Release|Any CPU
		{5BFCD28D-D2EB-4E5B-9A76-9BD8D0434FCF}.Ad-Hoc|ARM.ActiveCfg = Release|Any CPU
		{5BFCD28D-D2EB-4E5B-9A76-9BD8D0434FCF}.Ad-Hoc|ARM.Build.0 = Release|Any CPU
		{5BFCD28D-D2EB-4E5B-9A76-9BD8D0434FCF}.Ad-Hoc|iPhone.ActiveCfg = Release|Any CPU
		{5BFCD28D-D2EB-4E5B-9A76-9BD8D0434FCF}.Ad-Hoc|iPhone.Build.0 = Release|Any CPU
		{5BFCD28D-D2EB-4E5B-9A76-9BD8D0434FCF}.Ad-Hoc|iPhoneSimulator.ActiveCfg = Release|Any CPU
		{5BFCD28D-D2EB-4E5B-9A76-9BD8D0434FCF}.Ad-Hoc|iPhoneSimulator.Build.0 = Release|Any CPU
		{5BFCD28D-D2EB-4E5B-9A76-9BD8D0434FCF}.Ad-Hoc|x64.ActiveCfg = Release|Any CPU
		{5BFCD28D-D2EB-4E5B-9A76-9BD8D0434FCF}.Ad-Hoc|x64.Build.0 = Release|Any CPU
		{5BFCD28D-D2EB-4E5B-9A76-9BD8D0434FCF}.Ad-Hoc|x86.ActiveCfg = Release|Any CPU
		{5BFCD28D-D2EB-4E5B-9A76-9BD8D0434FCF}.Ad-Hoc|x86.Build.0 = Release|Any CPU
		{5BFCD28D-D2EB-4E5B-9A76-9BD8D0434FCF}.AppStore|Any CPU.ActiveCfg = Release|Any CPU
		{5BFCD28D-D2EB-4E5B-9A76-9BD8D0434FCF}.AppStore|Any CPU.Build.0 = Release|Any CPU
		{5BFCD28D-D2EB-4E5B-9A76-9BD8D0434FCF}.AppStore|ARM.ActiveCfg = Release|Any CPU
		{5BFCD28D-D2EB-4E5B-9A76-9BD8D0434FCF}.AppStore|ARM.Build.0 = Release|Any CPU
		{5BFCD28D-D2EB-4E5B-9A76-9BD8D0434FCF}.AppStore|iPhone.ActiveCfg = Release|Any CPU
		{5BFCD28D-D2EB-4E5B-9A76-9BD8D0434FCF}.AppStore|iPhone.Build.0 = Release|Any CPU
		{5BFCD28D-D2EB-4E5B-9A76-9BD8D0434FCF}.AppStore|iPhoneSimulator.ActiveCfg = Release|Any CPU
		{5BFCD28D-D2EB-4E5B-9A76-9BD8D0434FCF}.AppStore|iPhoneSimulator.Build.0 = Release|Any CPU
		{5BFCD28D-D2EB-4E5B-9A76-9BD8D0434FCF}.AppStore|x64.ActiveCfg = Release|Any CPU
		{5BFCD28D-D2EB-4E5B-9A76-9BD8D0434FCF}.AppStore|x64.Build.0 = Release|Any CPU
		{5BFCD28D-D2EB-4E5B-9A76-9BD8D0434FCF}.AppStore|x86.ActiveCfg = Release|Any CPU
		{5BFCD28D-D2EB-4E5B-9A76-9BD8D0434FCF}.AppStore|x86.Build.0 = Release|Any CPU
		{5BFCD28D-D2EB-4E5B-9A76-9BD8D0434FCF}.Debug|Any CPU.ActiveCfg = Debug|Any CPU
		{5BFCD28D-D2EB-4E5B-9A76-9BD8D0434FCF}.Debug|Any CPU.Build.0 = Debug|Any CPU
		{5BFCD28D-D2EB-4E5B-9A76-9BD8D0434FCF}.Debug|ARM.ActiveCfg = Debug|Any CPU
		{5BFCD28D-D2EB-4E5B-9A76-9BD8D0434FCF}.Debug|ARM.Build.0 = Debug|Any CPU
		{5BFCD28D-D2EB-4E5B-9A76-9BD8D0434FCF}.Debug|iPhone.ActiveCfg = Debug|Any CPU
		{5BFCD28D-D2EB-4E5B-9A76-9BD8D0434FCF}.Debug|iPhone.Build.0 = Debug|Any CPU
		{5BFCD28D-D2EB-4E5B-9A76-9BD8D0434FCF}.Debug|iPhoneSimulator.ActiveCfg = Debug|Any CPU
		{5BFCD28D-D2EB-4E5B-9A76-9BD8D0434FCF}.Debug|iPhoneSimulator.Build.0 = Debug|Any CPU
		{5BFCD28D-D2EB-4E5B-9A76-9BD8D0434FCF}.Debug|x64.ActiveCfg = Debug|Any CPU
		{5BFCD28D-D2EB-4E5B-9A76-9BD8D0434FCF}.Debug|x64.Build.0 = Debug|Any CPU
		{5BFCD28D-D2EB-4E5B-9A76-9BD8D0434FCF}.Debug|x86.ActiveCfg = Debug|Any CPU
		{5BFCD28D-D2EB-4E5B-9A76-9BD8D0434FCF}.Debug|x86.Build.0 = Debug|Any CPU
		{5BFCD28D-D2EB-4E5B-9A76-9BD8D0434FCF}.Release|Any CPU.ActiveCfg = Release|Any CPU
		{5BFCD28D-D2EB-4E5B-9A76-9BD8D0434FCF}.Release|Any CPU.Build.0 = Release|Any CPU
		{5BFCD28D-D2EB-4E5B-9A76-9BD8D0434FCF}.Release|ARM.ActiveCfg = Release|Any CPU
		{5BFCD28D-D2EB-4E5B-9A76-9BD8D0434FCF}.Release|ARM.Build.0 = Release|Any CPU
		{5BFCD28D-D2EB-4E5B-9A76-9BD8D0434FCF}.Release|iPhone.ActiveCfg = Release|Any CPU
		{5BFCD28D-D2EB-4E5B-9A76-9BD8D0434FCF}.Release|iPhone.Build.0 = Release|Any CPU
		{5BFCD28D-D2EB-4E5B-9A76-9BD8D0434FCF}.Release|iPhoneSimulator.ActiveCfg = Release|Any CPU
		{5BFCD28D-D2EB-4E5B-9A76-9BD8D0434FCF}.Release|iPhoneSimulator.Build.0 = Release|Any CPU
		{5BFCD28D-D2EB-4E5B-9A76-9BD8D0434FCF}.Release|x64.ActiveCfg = Release|Any CPU
		{5BFCD28D-D2EB-4E5B-9A76-9BD8D0434FCF}.Release|x64.Build.0 = Release|Any CPU
		{5BFCD28D-D2EB-4E5B-9A76-9BD8D0434FCF}.Release|x86.ActiveCfg = Release|Any CPU
		{5BFCD28D-D2EB-4E5B-9A76-9BD8D0434FCF}.Release|x86.Build.0 = Release|Any CPU
		{BEB7180B-8E03-4D8F-AC24-C32FB1C83063}.Ad-Hoc|Any CPU.ActiveCfg = Release|Any CPU
		{BEB7180B-8E03-4D8F-AC24-C32FB1C83063}.Ad-Hoc|Any CPU.Build.0 = Release|Any CPU
		{BEB7180B-8E03-4D8F-AC24-C32FB1C83063}.Ad-Hoc|ARM.ActiveCfg = Release|Any CPU
		{BEB7180B-8E03-4D8F-AC24-C32FB1C83063}.Ad-Hoc|ARM.Build.0 = Release|Any CPU
		{BEB7180B-8E03-4D8F-AC24-C32FB1C83063}.Ad-Hoc|iPhone.ActiveCfg = Release|Any CPU
		{BEB7180B-8E03-4D8F-AC24-C32FB1C83063}.Ad-Hoc|iPhone.Build.0 = Release|Any CPU
		{BEB7180B-8E03-4D8F-AC24-C32FB1C83063}.Ad-Hoc|iPhoneSimulator.ActiveCfg = Release|Any CPU
		{BEB7180B-8E03-4D8F-AC24-C32FB1C83063}.Ad-Hoc|iPhoneSimulator.Build.0 = Release|Any CPU
		{BEB7180B-8E03-4D8F-AC24-C32FB1C83063}.Ad-Hoc|x64.ActiveCfg = Release|Any CPU
		{BEB7180B-8E03-4D8F-AC24-C32FB1C83063}.Ad-Hoc|x64.Build.0 = Release|Any CPU
		{BEB7180B-8E03-4D8F-AC24-C32FB1C83063}.Ad-Hoc|x86.ActiveCfg = Release|Any CPU
		{BEB7180B-8E03-4D8F-AC24-C32FB1C83063}.Ad-Hoc|x86.Build.0 = Release|Any CPU
		{BEB7180B-8E03-4D8F-AC24-C32FB1C83063}.AppStore|Any CPU.ActiveCfg = Release|Any CPU
		{BEB7180B-8E03-4D8F-AC24-C32FB1C83063}.AppStore|Any CPU.Build.0 = Release|Any CPU
		{BEB7180B-8E03-4D8F-AC24-C32FB1C83063}.AppStore|ARM.ActiveCfg = Release|Any CPU
		{BEB7180B-8E03-4D8F-AC24-C32FB1C83063}.AppStore|ARM.Build.0 = Release|Any CPU
		{BEB7180B-8E03-4D8F-AC24-C32FB1C83063}.AppStore|iPhone.ActiveCfg = Release|Any CPU
		{BEB7180B-8E03-4D8F-AC24-C32FB1C83063}.AppStore|iPhone.Build.0 = Release|Any CPU
		{BEB7180B-8E03-4D8F-AC24-C32FB1C83063}.AppStore|iPhoneSimulator.ActiveCfg = Release|Any CPU
		{BEB7180B-8E03-4D8F-AC24-C32FB1C83063}.AppStore|iPhoneSimulator.Build.0 = Release|Any CPU
		{BEB7180B-8E03-4D8F-AC24-C32FB1C83063}.AppStore|x64.ActiveCfg = Release|Any CPU
		{BEB7180B-8E03-4D8F-AC24-C32FB1C83063}.AppStore|x64.Build.0 = Release|Any CPU
		{BEB7180B-8E03-4D8F-AC24-C32FB1C83063}.AppStore|x86.ActiveCfg = Release|Any CPU
		{BEB7180B-8E03-4D8F-AC24-C32FB1C83063}.AppStore|x86.Build.0 = Release|Any CPU
		{BEB7180B-8E03-4D8F-AC24-C32FB1C83063}.Debug|Any CPU.ActiveCfg = Debug|Any CPU
		{BEB7180B-8E03-4D8F-AC24-C32FB1C83063}.Debug|Any CPU.Build.0 = Debug|Any CPU
		{BEB7180B-8E03-4D8F-AC24-C32FB1C83063}.Debug|ARM.ActiveCfg = Debug|Any CPU
		{BEB7180B-8E03-4D8F-AC24-C32FB1C83063}.Debug|ARM.Build.0 = Debug|Any CPU
		{BEB7180B-8E03-4D8F-AC24-C32FB1C83063}.Debug|iPhone.ActiveCfg = Debug|Any CPU
		{BEB7180B-8E03-4D8F-AC24-C32FB1C83063}.Debug|iPhone.Build.0 = Debug|Any CPU
		{BEB7180B-8E03-4D8F-AC24-C32FB1C83063}.Debug|iPhoneSimulator.ActiveCfg = Debug|Any CPU
		{BEB7180B-8E03-4D8F-AC24-C32FB1C83063}.Debug|iPhoneSimulator.Build.0 = Debug|Any CPU
		{BEB7180B-8E03-4D8F-AC24-C32FB1C83063}.Debug|x64.ActiveCfg = Debug|Any CPU
		{BEB7180B-8E03-4D8F-AC24-C32FB1C83063}.Debug|x64.Build.0 = Debug|Any CPU
		{BEB7180B-8E03-4D8F-AC24-C32FB1C83063}.Debug|x86.ActiveCfg = Debug|Any CPU
		{BEB7180B-8E03-4D8F-AC24-C32FB1C83063}.Debug|x86.Build.0 = Debug|Any CPU
		{BEB7180B-8E03-4D8F-AC24-C32FB1C83063}.Release|Any CPU.ActiveCfg = Release|Any CPU
		{BEB7180B-8E03-4D8F-AC24-C32FB1C83063}.Release|Any CPU.Build.0 = Release|Any CPU
		{BEB7180B-8E03-4D8F-AC24-C32FB1C83063}.Release|ARM.ActiveCfg = Release|Any CPU
		{BEB7180B-8E03-4D8F-AC24-C32FB1C83063}.Release|ARM.Build.0 = Release|Any CPU
		{BEB7180B-8E03-4D8F-AC24-C32FB1C83063}.Release|iPhone.ActiveCfg = Release|Any CPU
		{BEB7180B-8E03-4D8F-AC24-C32FB1C83063}.Release|iPhone.Build.0 = Release|Any CPU
		{BEB7180B-8E03-4D8F-AC24-C32FB1C83063}.Release|iPhoneSimulator.ActiveCfg = Release|Any CPU
		{BEB7180B-8E03-4D8F-AC24-C32FB1C83063}.Release|iPhoneSimulator.Build.0 = Release|Any CPU
		{BEB7180B-8E03-4D8F-AC24-C32FB1C83063}.Release|x64.ActiveCfg = Release|Any CPU
		{BEB7180B-8E03-4D8F-AC24-C32FB1C83063}.Release|x64.Build.0 = Release|Any CPU
		{BEB7180B-8E03-4D8F-AC24-C32FB1C83063}.Release|x86.ActiveCfg = Release|Any CPU
		{BEB7180B-8E03-4D8F-AC24-C32FB1C83063}.Release|x86.Build.0 = Release|Any CPU
	EndGlobalSection
	GlobalSection(SolutionProperties) = preSolution
		HideSolutionNode = FALSE
	EndGlobalSection
EndGlobal
